// !$*UTF8*$!
{
	archiveVersion = 1;
	classes = {
	};
	objectVersion = 55;
	objects = {

/* Begin PBXBuildFile section */
		1119326B27E9936C00ECAED4 /* AppDelegate.swift in Sources */ = {isa = PBXBuildFile; fileRef = 1119326A27E9936C00ECAED4 /* AppDelegate.swift */; };
		1119326D27E9936C00ECAED4 /* SceneDelegate.swift in Sources */ = {isa = PBXBuildFile; fileRef = 1119326C27E9936C00ECAED4 /* SceneDelegate.swift */; };
		1119326F27E9936C00ECAED4 /* LoginViewController.swift in Sources */ = {isa = PBXBuildFile; fileRef = 1119326E27E9936C00ECAED4 /* LoginViewController.swift */; };
		1119327227E9936C00ECAED4 /* Main.storyboard in Resources */ = {isa = PBXBuildFile; fileRef = 1119327027E9936C00ECAED4 /* Main.storyboard */; };
		1119327427E9936D00ECAED4 /* Assets.xcassets in Resources */ = {isa = PBXBuildFile; fileRef = 1119327327E9936D00ECAED4 /* Assets.xcassets */; };
		1119327727E9936D00ECAED4 /* LaunchScreen.storyboard in Resources */ = {isa = PBXBuildFile; fileRef = 1119327527E9936D00ECAED4 /* LaunchScreen.storyboard */; };
		1119328327E9A5FC00ECAED4 /* GaleryViewController.swift in Sources */ = {isa = PBXBuildFile; fileRef = 1119328227E9A5FC00ECAED4 /* GaleryViewController.swift */; };
		1119328627E9F4C600ECAED4 /* UIView + Constrains.swift in Sources */ = {isa = PBXBuildFile; fileRef = 1119328527E9F4C600ECAED4 /* UIView + Constrains.swift */; };
		1119328827EA495500ECAED4 /* DownloadPhotoViewController.swift in Sources */ = {isa = PBXBuildFile; fileRef = 1119328727EA495500ECAED4 /* DownloadPhotoViewController.swift */; };
		1119328A27EAA96C00ECAED4 /* ScrollPhotoViewController.swift in Sources */ = {isa = PBXBuildFile; fileRef = 1119328927EAA96C00ECAED4 /* ScrollPhotoViewController.swift */; };
/* End PBXBuildFile section */

/* Begin PBXFileReference section */
		1119326727E9936C00ECAED4 /* myPhotoApp.app */ = {isa = PBXFileReference; explicitFileType = wrapper.application; includeInIndex = 0; path = myPhotoApp.app; sourceTree = BUILT_PRODUCTS_DIR; };
		1119326A27E9936C00ECAED4 /* AppDelegate.swift */ = {isa = PBXFileReference; lastKnownFileType = sourcecode.swift; path = AppDelegate.swift; sourceTree = "<group>"; };
		1119326C27E9936C00ECAED4 /* SceneDelegate.swift */ = {isa = PBXFileReference; lastKnownFileType = sourcecode.swift; path = SceneDelegate.swift; sourceTree = "<group>"; };
		1119326E27E9936C00ECAED4 /* LoginViewController.swift */ = {isa = PBXFileReference; lastKnownFileType = sourcecode.swift; path = LoginViewController.swift; sourceTree = "<group>"; };
		1119327127E9936C00ECAED4 /* Base */ = {isa = PBXFileReference; lastKnownFileType = file.storyboard; name = Base; path = Base.lproj/Main.storyboard; sourceTree = "<group>"; };
		1119327327E9936D00ECAED4 /* Assets.xcassets */ = {isa = PBXFileReference; lastKnownFileType = folder.assetcatalog; path = Assets.xcassets; sourceTree = "<group>"; };
		1119327627E9936D00ECAED4 /* Base */ = {isa = PBXFileReference; lastKnownFileType = file.storyboard; name = Base; path = Base.lproj/LaunchScreen.storyboard; sourceTree = "<group>"; };
		1119327827E9936D00ECAED4 /* Info.plist */ = {isa = PBXFileReference; lastKnownFileType = text.plist.xml; path = Info.plist; sourceTree = "<group>"; };
		1119328227E9A5FC00ECAED4 /* GaleryViewController.swift */ = {isa = PBXFileReference; lastKnownFileType = sourcecode.swift; path = GaleryViewController.swift; sourceTree = "<group>"; };
		1119328527E9F4C600ECAED4 /* UIView + Constrains.swift */ = {isa = PBXFileReference; lastKnownFileType = sourcecode.swift; path = "UIView + Constrains.swift"; sourceTree = "<group>"; };
		1119328727EA495500ECAED4 /* DownloadPhotoViewController.swift */ = {isa = PBXFileReference; lastKnownFileType = sourcecode.swift; path = DownloadPhotoViewController.swift; sourceTree = "<group>"; };
		1119328927EAA96C00ECAED4 /* ScrollPhotoViewController.swift */ = {isa = PBXFileReference; lastKnownFileType = sourcecode.swift; path = ScrollPhotoViewController.swift; sourceTree = "<group>"; };
/* End PBXFileReference section */

/* Begin PBXFrameworksBuildPhase section */
		1119326427E9936C00ECAED4 /* Frameworks */ = {
			isa = PBXFrameworksBuildPhase;
			buildActionMask = 2147483647;
			files = (
			);
			runOnlyForDeploymentPostprocessing = 0;
		};
/* End PBXFrameworksBuildPhase section */

/* Begin PBXGroup section */
		1119325E27E9936C00ECAED4 = {
			isa = PBXGroup;
			children = (
				1119326927E9936C00ECAED4 /* myPhotoApp */,
				1119326827E9936C00ECAED4 /* Products */,
			);
			sourceTree = "<group>";
		};
		1119326827E9936C00ECAED4 /* Products */ = {
			isa = PBXGroup;
			children = (
				1119326727E9936C00ECAED4 /* myPhotoApp.app */,
			);
			name = Products;
			sourceTree = "<group>";
		};
		1119326927E9936C00ECAED4 /* myPhotoApp */ = {
			isa = PBXGroup;
			children = (
				1119328427E9F4AE00ECAED4 /* Extensions */,
				1119328127E9954E00ECAED4 /* Application */,
				1119328027E9951900ECAED4 /* Resources */,
				1119327E27E994E600ECAED4 /* ViewControllers */,
			);
			path = myPhotoApp;
			sourceTree = "<group>";
		};
		1119327E27E994E600ECAED4 /* ViewControllers */ = {
			isa = PBXGroup;
			children = (
				1119326E27E9936C00ECAED4 /* LoginViewController.swift */,
				1119328227E9A5FC00ECAED4 /* GaleryViewController.swift */,
				1119328927EAA96C00ECAED4 /* ScrollPhotoViewController.swift */,
				1119328727EA495500ECAED4 /* DownloadPhotoViewController.swift */,
			);
			path = ViewControllers;
			sourceTree = "<group>";
		};
		1119328027E9951900ECAED4 /* Resources */ = {
			isa = PBXGroup;
			children = (
				1119327027E9936C00ECAED4 /* Main.storyboard */,
				1119327327E9936D00ECAED4 /* Assets.xcassets */,
				1119327527E9936D00ECAED4 /* LaunchScreen.storyboard */,
				1119327827E9936D00ECAED4 /* Info.plist */,
			);
			path = Resources;
			sourceTree = "<group>";
		};
		1119328127E9954E00ECAED4 /* Application */ = {
			isa = PBXGroup;
			children = (
				1119326A27E9936C00ECAED4 /* AppDelegate.swift */,
				1119326C27E9936C00ECAED4 /* SceneDelegate.swift */,
			);
			path = Application;
			sourceTree = "<group>";
		};
		1119328427E9F4AE00ECAED4 /* Extensions */ = {
			isa = PBXGroup;
			children = (
				1119328527E9F4C600ECAED4 /* UIView + Constrains.swift */,
			);
			path = Extensions;
			sourceTree = "<group>";
		};
/* End PBXGroup section */

/* Begin PBXNativeTarget section */
		1119326627E9936C00ECAED4 /* myPhotoApp */ = {
			isa = PBXNativeTarget;
			buildConfigurationList = 1119327B27E9936D00ECAED4 /* Build configuration list for PBXNativeTarget "myPhotoApp" */;
			buildPhases = (
				1119326327E9936C00ECAED4 /* Sources */,
				1119326427E9936C00ECAED4 /* Frameworks */,
				1119326527E9936C00ECAED4 /* Resources */,
			);
			buildRules = (
			);
			dependencies = (
			);
			name = myPhotoApp;
			productName = myPhotoApp;
			productReference = 1119326727E9936C00ECAED4 /* myPhotoApp.app */;
			productType = "com.apple.product-type.application";
		};
/* End PBXNativeTarget section */

/* Begin PBXProject section */
		1119325F27E9936C00ECAED4 /* Project object */ = {
			isa = PBXProject;
			attributes = {
				BuildIndependentTargetsInParallel = 1;
				LastSwiftUpdateCheck = 1320;
				LastUpgradeCheck = 1320;
				TargetAttributes = {
					1119326627E9936C00ECAED4 = {
						CreatedOnToolsVersion = 13.2.1;
					};
				};
			};
			buildConfigurationList = 1119326227E9936C00ECAED4 /* Build configuration list for PBXProject "myPhotoApp" */;
			compatibilityVersion = "Xcode 13.0";
			developmentRegion = en;
			hasScannedForEncodings = 0;
			knownRegions = (
				en,
				Base,
			);
			mainGroup = 1119325E27E9936C00ECAED4;
			productRefGroup = 1119326827E9936C00ECAED4 /* Products */;
			projectDirPath = "";
			projectRoot = "";
			targets = (
				1119326627E9936C00ECAED4 /* myPhotoApp */,
			);
		};
/* End PBXProject section */

/* Begin PBXResourcesBuildPhase section */
		1119326527E9936C00ECAED4 /* Resources */ = {
			isa = PBXResourcesBuildPhase;
			buildActionMask = 2147483647;
			files = (
				1119327727E9936D00ECAED4 /* LaunchScreen.storyboard in Resources */,
				1119327427E9936D00ECAED4 /* Assets.xcassets in Resources */,
				1119327227E9936C00ECAED4 /* Main.storyboard in Resources */,
			);
			runOnlyForDeploymentPostprocessing = 0;
		};
/* End PBXResourcesBuildPhase section */

/* Begin PBXSourcesBuildPhase section */
		1119326327E9936C00ECAED4 /* Sources */ = {
			isa = PBXSourcesBuildPhase;
			buildActionMask = 2147483647;
			files = (
				1119328327E9A5FC00ECAED4 /* GaleryViewController.swift in Sources */,
				1119326F27E9936C00ECAED4 /* LoginViewController.swift in Sources */,
				1119326B27E9936C00ECAED4 /* AppDelegate.swift in Sources */,
				1119328827EA495500ECAED4 /* DownloadPhotoViewController.swift in Sources */,
				1119328A27EAA96C00ECAED4 /* ScrollPhotoViewController.swift in Sources */,
				1119326D27E9936C00ECAED4 /* SceneDelegate.swift in Sources */,
				1119328627E9F4C600ECAED4 /* UIView + Constrains.swift in Sources */,
			);
			runOnlyForDeploymentPostprocessing = 0;
		};
/* End PBXSourcesBuildPhase section */

/* Begin PBXVariantGroup section */
		1119327027E9936C00ECAED4 /* Main.storyboard */ = {
			isa = PBXVariantGroup;
			children = (
				1119327127E9936C00ECAED4 /* Base */,
			);
			name = Main.storyboard;
			sourceTree = "<group>";
		};
		1119327527E9936D00ECAED4 /* LaunchScreen.storyboard */ = {
			isa = PBXVariantGroup;
			children = (
				1119327627E9936D00ECAED4 /* Base */,
			);
			name = LaunchScreen.storyboard;
			sourceTree = "<group>";
		};
/* End PBXVariantGroup section */

/* Begin XCBuildConfiguration section */
		1119327927E9936D00ECAED4 /* Debug */ = {
			isa = XCBuildConfiguration;
			buildSettings = {
				ALWAYS_SEARCH_USER_PATHS = NO;
				CLANG_ANALYZER_NONNULL = YES;
				CLANG_ANALYZER_NUMBER_OBJECT_CONVERSION = YES_AGGRESSIVE;
				CLANG_CXX_LANGUAGE_STANDARD = "gnu++17";
				CLANG_CXX_LIBRARY = "libc++";
				CLANG_ENABLE_MODULES = YES;
				CLANG_ENABLE_OBJC_ARC = YES;
				CLANG_ENABLE_OBJC_WEAK = YES;
				CLANG_WARN_BLOCK_CAPTURE_AUTORELEASING = YES;
				CLANG_WARN_BOOL_CONVERSION = YES;
				CLANG_WARN_COMMA = YES;
				CLANG_WARN_CONSTANT_CONVERSION = YES;
				CLANG_WARN_DEPRECATED_OBJC_IMPLEMENTATIONS = YES;
				CLANG_WARN_DIRECT_OBJC_ISA_USAGE = YES_ERROR;
				CLANG_WARN_DOCUMENTATION_COMMENTS = YES;
				CLANG_WARN_EMPTY_BODY = YES;
				CLANG_WARN_ENUM_CONVERSION = YES;
				CLANG_WARN_INFINITE_RECURSION = YES;
				CLANG_WARN_INT_CONVERSION = YES;
				CLANG_WARN_NON_LITERAL_NULL_CONVERSION = YES;
				CLANG_WARN_OBJC_IMPLICIT_RETAIN_SELF = YES;
				CLANG_WARN_OBJC_LITERAL_CONVERSION = YES;
				CLANG_WARN_OBJC_ROOT_CLASS = YES_ERROR;
				CLANG_WARN_QUOTED_INCLUDE_IN_FRAMEWORK_HEADER = YES;
				CLANG_WARN_RANGE_LOOP_ANALYSIS = YES;
				CLANG_WARN_STRICT_PROTOTYPES = YES;
				CLANG_WARN_SUSPICIOUS_MOVE = YES;
				CLANG_WARN_UNGUARDED_AVAILABILITY = YES_AGGRESSIVE;
				CLANG_WARN_UNREACHABLE_CODE = YES;
				CLANG_WARN__DUPLICATE_METHOD_MATCH = YES;
				COPY_PHASE_STRIP = NO;
				DEBUG_INFORMATION_FORMAT = dwarf;
				ENABLE_STRICT_OBJC_MSGSEND = YES;
				ENABLE_TESTABILITY = YES;
				GCC_C_LANGUAGE_STANDARD = gnu11;
				GCC_DYNAMIC_NO_PIC = NO;
				GCC_NO_COMMON_BLOCKS = YES;
				GCC_OPTIMIZATION_LEVEL = 0;
				GCC_PREPROCESSOR_DEFINITIONS = (
					"DEBUG=1",
					"$(inherited)",
				);
				GCC_WARN_64_TO_32_BIT_CONVERSION = YES;
				GCC_WARN_ABOUT_RETURN_TYPE = YES_ERROR;
				GCC_WARN_UNDECLARED_SELECTOR = YES;
				GCC_WARN_UNINITIALIZED_AUTOS = YES_AGGRESSIVE;
				GCC_WARN_UNUSED_FUNCTION = YES;
				GCC_WARN_UNUSED_VARIABLE = YES;
				IPHONEOS_DEPLOYMENT_TARGET = 15.2;
				MTL_ENABLE_DEBUG_INFO = INCLUDE_SOURCE;
				MTL_FAST_MATH = YES;
				ONLY_ACTIVE_ARCH = YES;
				SDKROOT = iphoneos;
				SWIFT_ACTIVE_COMPILATION_CONDITIONS = DEBUG;
				SWIFT_OPTIMIZATION_LEVEL = "-Onone";
			};
			name = Debug;
		};
		1119327A27E9936D00ECAED4 /* Release */ = {
			isa = XCBuildConfiguration;
			buildSettings = {
				ALWAYS_SEARCH_USER_PATHS = NO;
				CLANG_ANALYZER_NONNULL = YES;
				CLANG_ANALYZER_NUMBER_OBJECT_CONVERSION = YES_AGGRESSIVE;
				CLANG_CXX_LANGUAGE_STANDARD = "gnu++17";
				CLANG_CXX_LIBRARY = "libc++";
				CLANG_ENABLE_MODULES = YES;
				CLANG_ENABLE_OBJC_ARC = YES;
				CLANG_ENABLE_OBJC_WEAK = YES;
				CLANG_WARN_BLOCK_CAPTURE_AUTORELEASING = YES;
				CLANG_WARN_BOOL_CONVERSION = YES;
				CLANG_WARN_COMMA = YES;
				CLANG_WARN_CONSTANT_CONVERSION = YES;
				CLANG_WARN_DEPRECATED_OBJC_IMPLEMENTATIONS = YES;
				CLANG_WARN_DIRECT_OBJC_ISA_USAGE = YES_ERROR;
				CLANG_WARN_DOCUMENTATION_COMMENTS = YES;
				CLANG_WARN_EMPTY_BODY = YES;
				CLANG_WARN_ENUM_CONVERSION = YES;
				CLANG_WARN_INFINITE_RECURSION = YES;
				CLANG_WARN_INT_CONVERSION = YES;
				CLANG_WARN_NON_LITERAL_NULL_CONVERSION = YES;
				CLANG_WARN_OBJC_IMPLICIT_RETAIN_SELF = YES;
				CLANG_WARN_OBJC_LITERAL_CONVERSION = YES;
				CLANG_WARN_OBJC_ROOT_CLASS = YES_ERROR;
				CLANG_WARN_QUOTED_INCLUDE_IN_FRAMEWORK_HEADER = YES;
				CLANG_WARN_RANGE_LOOP_ANALYSIS = YES;
				CLANG_WARN_STRICT_PROTOTYPES = YES;
				CLANG_WARN_SUSPICIOUS_MOVE = YES;
				CLANG_WARN_UNGUARDED_AVAILABILITY = YES_AGGRESSIVE;
				CLANG_WARN_UNREACHABLE_CODE = YES;
				CLANG_WARN__DUPLICATE_METHOD_MATCH = YES;
				COPY_PHASE_STRIP = NO;
				DEBUG_INFORMATION_FORMAT = "dwarf-with-dsym";
				ENABLE_NS_ASSERTIONS = NO;
				ENABLE_STRICT_OBJC_MSGSEND = YES;
				GCC_C_LANGUAGE_STANDARD = gnu11;
				GCC_NO_COMMON_BLOCKS = YES;
				GCC_WARN_64_TO_32_BIT_CONVERSION = YES;
				GCC_WARN_ABOUT_RETURN_TYPE = YES_ERROR;
				GCC_WARN_UNDECLARED_SELECTOR = YES;
				GCC_WARN_UNINITIALIZED_AUTOS = YES_AGGRESSIVE;
				GCC_WARN_UNUSED_FUNCTION = YES;
				GCC_WARN_UNUSED_VARIABLE = YES;
				IPHONEOS_DEPLOYMENT_TARGET = 15.2;
				MTL_ENABLE_DEBUG_INFO = NO;
				MTL_FAST_MATH = YES;
				SDKROOT = iphoneos;
				SWIFT_COMPILATION_MODE = wholemodule;
				SWIFT_OPTIMIZATION_LEVEL = "-O";
				VALIDATE_PRODUCT = YES;
			};
			name = Release;
		};
		1119327C27E9936D00ECAED4 /* Debug */ = {
			isa = XCBuildConfiguration;
			buildSettings = {
				ASSETCATALOG_COMPILER_APPICON_NAME = AppIcon;
				ASSETCATALOG_COMPILER_GLOBAL_ACCENT_COLOR_NAME = AccentColor;
				CODE_SIGN_STYLE = Automatic;
				CURRENT_PROJECT_VERSION = 1;
				GENERATE_INFOPLIST_FILE = YES;
				INFOPLIST_FILE = myPhotoApp/Resources/Info.plist;
				INFOPLIST_KEY_UIApplicationSupportsIndirectInputEvents = YES;
				INFOPLIST_KEY_UILaunchStoryboardName = LaunchScreen;
				INFOPLIST_KEY_UIMainStoryboardFile = Main;
				INFOPLIST_KEY_UISupportedInterfaceOrientations_iPad = "UIInterfaceOrientationPortrait UIInterfaceOrientationPortraitUpsideDown UIInterfaceOrientationLandscapeLeft UIInterfaceOrientationLandscapeRight";
				INFOPLIST_KEY_UISupportedInterfaceOrientations_iPhone = "UIInterfaceOrientationPortrait UIInterfaceOrientationLandscapeLeft UIInterfaceOrientationLandscapeRight";
				LD_RUNPATH_SEARCH_PATHS = (
					"$(inherited)",
					"@executable_path/Frameworks",
				);
				MARKETING_VERSION = 1.0;
				PRODUCT_BUNDLE_IDENTIFIER = teachmeskills.myPhotoApp;
				PRODUCT_NAME = "$(TARGET_NAME)";
				SWIFT_EMIT_LOC_STRINGS = YES;
				SWIFT_VERSION = 5.0;
				TARGETED_DEVICE_FAMILY = "1,2";
			};
			name = Debug;
		};
		1119327D27E9936D00ECAED4 /* Release */ = {
			isa = XCBuildConfiguration;
			buildSettings = {
				ASSETCATALOG_COMPILER_APPICON_NAME = AppIcon;
				ASSETCATALOG_COMPILER_GLOBAL_ACCENT_COLOR_NAME = AccentColor;
				CODE_SIGN_STYLE = Automatic;
				CURRENT_PROJECT_VERSION = 1;
				GENERATE_INFOPLIST_FILE = YES;
				INFOPLIST_FILE = myPhotoApp/Resources/Info.plist;
				INFOPLIST_KEY_UIApplicationSupportsIndirectInputEvents = YES;
				INFOPLIST_KEY_UILaunchStoryboardName = LaunchScreen;
				INFOPLIST_KEY_UIMainStoryboardFile = Main;
				INFOPLIST_KEY_UISupportedInterfaceOrientations_iPad = "UIInterfaceOrientationPortrait UIInterfaceOrientationPortraitUpsideDown UIInterfaceOrientationLandscapeLeft UIInterfaceOrientationLandscapeRight";
				INFOPLIST_KEY_UISupportedInterfaceOrientations_iPhone = "UIInterfaceOrientationPortrait UIInterfaceOrientationLandscapeLeft UIInterfaceOrientationLandscapeRight";
				LD_RUNPATH_SEARCH_PATHS = (
					"$(inherited)",
					"@executable_path/Frameworks",
				);
				MARKETING_VERSION = 1.0;
				PRODUCT_BUNDLE_IDENTIFIER = teachmeskills.myPhotoApp;
				PRODUCT_NAME = "$(TARGET_NAME)";
				SWIFT_EMIT_LOC_STRINGS = YES;
				SWIFT_VERSION = 5.0;
				TARGETED_DEVICE_FAMILY = "1,2";
			};
			name = Release;
		};
/* End XCBuildConfiguration section */

/* Begin XCConfigurationList section */
		1119326227E9936C00ECAED4 /* Build configuration list for PBXProject "myPhotoApp" */ = {
			isa = XCConfigurationList;
			buildConfigurations = (
				1119327927E9936D00ECAED4 /* Debug */,
				1119327A27E9936D00ECAED4 /* Release */,
			);
			defaultConfigurationIsVisible = 0;
			defaultConfigurationName = Release;
		};
		1119327B27E9936D00ECAED4 /* Build configuration list for PBXNativeTarget "myPhotoApp" */ = {
			isa = XCConfigurationList;
			buildConfigurations = (
				1119327C27E9936D00ECAED4 /* Debug */,
				1119327D27E9936D00ECAED4 /* Release */,
			);
			defaultConfigurationIsVisible = 0;
			defaultConfigurationName = Release;
		};
/* End XCConfigurationList section */
	};
	rootObject = 1119325F27E9936C00ECAED4 /* Project object */;
}
